// !$*UTF8*$!
{
	archiveVersion = 1;
	classes = {
	};
	objectVersion = 55;
	objects = {

/* Begin PBXBuildFile section */
		0A1882C327F4A1D000FFA86D /* AppDelegate.swift in Sources */ = {isa = PBXBuildFile; fileRef = 0A1882C227F4A1D000FFA86D /* AppDelegate.swift */; };
		0A1882C527F4A1D000FFA86D /* SceneDelegate.swift in Sources */ = {isa = PBXBuildFile; fileRef = 0A1882C427F4A1D000FFA86D /* SceneDelegate.swift */; };
		0A1882C727F4A1D000FFA86D /* HomeVC.swift in Sources */ = {isa = PBXBuildFile; fileRef = 0A1882C627F4A1D000FFA86D /* HomeVC.swift */; };
		0A1882CA27F4A1D000FFA86D /* Home.storyboard in Resources */ = {isa = PBXBuildFile; fileRef = 0A1882C827F4A1D000FFA86D /* Home.storyboard */; };
		0A1882CF27F4A1D400FFA86D /* Assets.xcassets in Resources */ = {isa = PBXBuildFile; fileRef = 0A1882CE27F4A1D400FFA86D /* Assets.xcassets */; };
		0A1882D227F4A1D400FFA86D /* LaunchScreen.storyboard in Resources */ = {isa = PBXBuildFile; fileRef = 0A1882D027F4A1D400FFA86D /* LaunchScreen.storyboard */; };
		0A1882F827F4A2BD00FFA86D /* FoodList.storyboard in Resources */ = {isa = PBXBuildFile; fileRef = 0A1882F727F4A2BD00FFA86D /* FoodList.storyboard */; };
		0A1882FC27F4A2F800FFA86D /* FoodListVC.swift in Sources */ = {isa = PBXBuildFile; fileRef = 0A1882FB27F4A2F800FFA86D /* FoodListVC.swift */; };
		0A286DBF28785AD100B39B87 /* SpoiledFoodTableViewCell.swift in Sources */ = {isa = PBXBuildFile; fileRef = 0A286DBE28785AD100B39B87 /* SpoiledFoodTableViewCell.swift */; };
		0A61035B2869F19400810465 /* CustomTableViewCell.swift in Sources */ = {isa = PBXBuildFile; fileRef = 0A61035A2869F19400810465 /* CustomTableViewCell.swift */; };
		0A9B70DE28009219001649F9 /* Date+format.swift in Sources */ = {isa = PBXBuildFile; fileRef = 0A9B70DD28009219001649F9 /* Date+format.swift */; };
		916862E92896F30500723F3F /* FoodDataModel.xcdatamodeld in Sources */ = {isa = PBXBuildFile; fileRef = 916862E72896F30500723F3F /* FoodDataModel.xcdatamodeld */; };
		916862ED2896F60200723F3F /* NetworkManager.swift in Sources */ = {isa = PBXBuildFile; fileRef = 916862EC2896F60200723F3F /* NetworkManager.swift */; };
		916862EF2896F61800723F3F /* StorageManager.swift in Sources */ = {isa = PBXBuildFile; fileRef = 916862EE2896F61800723F3F /* StorageManager.swift */; };
		916862F12896F6CF00723F3F /* URLSession+dataTask.swift in Sources */ = {isa = PBXBuildFile; fileRef = 916862F02896F6CF00723F3F /* URLSession+dataTask.swift */; };
		9198438E27FCAD0600F45537 /* FoodListViewModel.swift in Sources */ = {isa = PBXBuildFile; fileRef = 9198438D27FCAD0600F45537 /* FoodListViewModel.swift */; };
		91DBE07E28E054A1004F6437 /* FoodImage.swift in Sources */ = {isa = PBXBuildFile; fileRef = 91DBE07D28E054A1004F6437 /* FoodImage.swift */; };
		91DBE08028E05754004F6437 /* UIImage+getImageByUrl.swift in Sources */ = {isa = PBXBuildFile; fileRef = 91DBE07F28E05754004F6437 /* UIImage+getImageByUrl.swift */; };
/* End PBXBuildFile section */

/* Begin PBXContainerItemProxy section */
		0A1882D927F4A1D500FFA86D /* PBXContainerItemProxy */ = {
			isa = PBXContainerItemProxy;
			containerPortal = 0A1882B727F4A1D000FFA86D /* Project object */;
			proxyType = 1;
			remoteGlobalIDString = 0A1882BE27F4A1D000FFA86D;
			remoteInfo = eat.before;
		};
		0A1882E327F4A1D500FFA86D /* PBXContainerItemProxy */ = {
			isa = PBXContainerItemProxy;
			containerPortal = 0A1882B727F4A1D000FFA86D /* Project object */;
			proxyType = 1;
			remoteGlobalIDString = 0A1882BE27F4A1D000FFA86D;
			remoteInfo = eat.before;
		};
/* End PBXContainerItemProxy section */

/* Begin PBXFileReference section */
		0A1882BF27F4A1D000FFA86D /* eat.before.app */ = {isa = PBXFileReference; explicitFileType = wrapper.application; includeInIndex = 0; path = eat.before.app; sourceTree = BUILT_PRODUCTS_DIR; };
		0A1882C227F4A1D000FFA86D /* AppDelegate.swift */ = {isa = PBXFileReference; lastKnownFileType = sourcecode.swift; path = AppDelegate.swift; sourceTree = "<group>"; };
		0A1882C427F4A1D000FFA86D /* SceneDelegate.swift */ = {isa = PBXFileReference; lastKnownFileType = sourcecode.swift; path = SceneDelegate.swift; sourceTree = "<group>"; };
		0A1882C627F4A1D000FFA86D /* HomeVC.swift */ = {isa = PBXFileReference; lastKnownFileType = sourcecode.swift; path = HomeVC.swift; sourceTree = "<group>"; };
		0A1882C927F4A1D000FFA86D /* Base */ = {isa = PBXFileReference; lastKnownFileType = file.storyboard; name = Base; path = Base.lproj/Home.storyboard; sourceTree = "<group>"; };
		0A1882CE27F4A1D400FFA86D /* Assets.xcassets */ = {isa = PBXFileReference; lastKnownFileType = folder.assetcatalog; path = Assets.xcassets; sourceTree = "<group>"; };
		0A1882D127F4A1D400FFA86D /* Base */ = {isa = PBXFileReference; lastKnownFileType = file.storyboard; name = Base; path = Base.lproj/LaunchScreen.storyboard; sourceTree = "<group>"; };
		0A1882D327F4A1D400FFA86D /* Info.plist */ = {isa = PBXFileReference; lastKnownFileType = text.plist.xml; path = Info.plist; sourceTree = "<group>"; };
		0A1882D827F4A1D500FFA86D /* eat.beforeTests.xctest */ = {isa = PBXFileReference; explicitFileType = wrapper.cfbundle; includeInIndex = 0; path = eat.beforeTests.xctest; sourceTree = BUILT_PRODUCTS_DIR; };
		0A1882E227F4A1D500FFA86D /* eat.beforeUITests.xctest */ = {isa = PBXFileReference; explicitFileType = wrapper.cfbundle; includeInIndex = 0; path = eat.beforeUITests.xctest; sourceTree = BUILT_PRODUCTS_DIR; };
		0A1882F727F4A2BD00FFA86D /* FoodList.storyboard */ = {isa = PBXFileReference; lastKnownFileType = file.storyboard; path = FoodList.storyboard; sourceTree = "<group>"; };
		0A1882FB27F4A2F800FFA86D /* FoodListVC.swift */ = {isa = PBXFileReference; lastKnownFileType = sourcecode.swift; path = FoodListVC.swift; sourceTree = "<group>"; };
		0A286DBE28785AD100B39B87 /* SpoiledFoodTableViewCell.swift */ = {isa = PBXFileReference; lastKnownFileType = sourcecode.swift; path = SpoiledFoodTableViewCell.swift; sourceTree = "<group>"; };
		0A61035A2869F19400810465 /* CustomTableViewCell.swift */ = {isa = PBXFileReference; lastKnownFileType = sourcecode.swift; path = CustomTableViewCell.swift; sourceTree = "<group>"; };
		0A9B70DD28009219001649F9 /* Date+format.swift */ = {isa = PBXFileReference; lastKnownFileType = sourcecode.swift; path = "Date+format.swift"; sourceTree = "<group>"; };
		916862E82896F30500723F3F /* FoodDataModel.xcdatamodel */ = {isa = PBXFileReference; lastKnownFileType = wrapper.xcdatamodel; path = FoodDataModel.xcdatamodel; sourceTree = "<group>"; };
		916862EC2896F60200723F3F /* NetworkManager.swift */ = {isa = PBXFileReference; lastKnownFileType = sourcecode.swift; path = NetworkManager.swift; sourceTree = "<group>"; };
		916862EE2896F61800723F3F /* StorageManager.swift */ = {isa = PBXFileReference; lastKnownFileType = sourcecode.swift; path = StorageManager.swift; sourceTree = "<group>"; };
		916862F02896F6CF00723F3F /* URLSession+dataTask.swift */ = {isa = PBXFileReference; lastKnownFileType = sourcecode.swift; path = "URLSession+dataTask.swift"; sourceTree = "<group>"; };
		9198438D27FCAD0600F45537 /* FoodListViewModel.swift */ = {isa = PBXFileReference; lastKnownFileType = sourcecode.swift; path = FoodListViewModel.swift; sourceTree = "<group>"; };
		91DBE07D28E054A1004F6437 /* FoodImage.swift */ = {isa = PBXFileReference; lastKnownFileType = sourcecode.swift; path = FoodImage.swift; sourceTree = "<group>"; };
		91DBE07F28E05754004F6437 /* UIImage+getImageByUrl.swift */ = {isa = PBXFileReference; lastKnownFileType = sourcecode.swift; path = "UIImage+getImageByUrl.swift"; sourceTree = "<group>"; };
/* End PBXFileReference section */

/* Begin PBXFrameworksBuildPhase section */
		0A1882BC27F4A1D000FFA86D /* Frameworks */ = {
			isa = PBXFrameworksBuildPhase;
			buildActionMask = 2147483647;
			files = (
			);
			runOnlyForDeploymentPostprocessing = 0;
		};
		0A1882D527F4A1D500FFA86D /* Frameworks */ = {
			isa = PBXFrameworksBuildPhase;
			buildActionMask = 2147483647;
			files = (
			);
			runOnlyForDeploymentPostprocessing = 0;
		};
		0A1882DF27F4A1D500FFA86D /* Frameworks */ = {
			isa = PBXFrameworksBuildPhase;
			buildActionMask = 2147483647;
			files = (
			);
			runOnlyForDeploymentPostprocessing = 0;
		};
/* End PBXFrameworksBuildPhase section */

/* Begin PBXGroup section */
		0A1882B627F4A1D000FFA86D = {
			isa = PBXGroup;
			children = (
				0A1882C127F4A1D000FFA86D /* eat.before */,
				0A1882C027F4A1D000FFA86D /* Products */,
			);
			sourceTree = "<group>";
		};
		0A1882C027F4A1D000FFA86D /* Products */ = {
			isa = PBXGroup;
			children = (
				0A1882BF27F4A1D000FFA86D /* eat.before.app */,
				0A1882D827F4A1D500FFA86D /* eat.beforeTests.xctest */,
				0A1882E227F4A1D500FFA86D /* eat.beforeUITests.xctest */,
			);
			name = Products;
			sourceTree = "<group>";
		};
		0A1882C127F4A1D000FFA86D /* eat.before */ = {
			isa = PBXGroup;
			children = (
				916862E72896F30500723F3F /* FoodDataModel.xcdatamodeld */,
				916862EB2896F5EF00723F3F /* Storage */,
				916862EA2896F5E900723F3F /* Service */,
				0A9B70DC280091F6001649F9 /* Utils */,
				0A1882FF27F4A32B00FFA86D /* FoodList */,
				0A1882FD27F4A30600FFA86D /* Home */,
				0A1882C227F4A1D000FFA86D /* AppDelegate.swift */,
				0A1882C427F4A1D000FFA86D /* SceneDelegate.swift */,
				0A1882CE27F4A1D400FFA86D /* Assets.xcassets */,
				0A1882D027F4A1D400FFA86D /* LaunchScreen.storyboard */,
				0A1882D327F4A1D400FFA86D /* Info.plist */,
			);
			path = eat.before;
			sourceTree = "<group>";
		};
		0A1882FD27F4A30600FFA86D /* Home */ = {
			isa = PBXGroup;
			children = (
				0A1882C627F4A1D000FFA86D /* HomeVC.swift */,
				0A1882C827F4A1D000FFA86D /* Home.storyboard */,
			);
			path = Home;
			sourceTree = "<group>";
		};
		0A1882FF27F4A32B00FFA86D /* FoodList */ = {
			isa = PBXGroup;
			children = (
				0A1882F727F4A2BD00FFA86D /* FoodList.storyboard */,
				0A1882FB27F4A2F800FFA86D /* FoodListVC.swift */,
				9198438D27FCAD0600F45537 /* FoodListViewModel.swift */,
				0A61035A2869F19400810465 /* CustomTableViewCell.swift */,
				0A286DBE28785AD100B39B87 /* SpoiledFoodTableViewCell.swift */,
			);
			path = FoodList;
			sourceTree = "<group>";
		};
		0A9B70DC280091F6001649F9 /* Utils */ = {
			isa = PBXGroup;
			children = (
				0A9B70DD28009219001649F9 /* Date+format.swift */,
				916862F02896F6CF00723F3F /* URLSession+dataTask.swift */,
				91DBE07F28E05754004F6437 /* UIImage+getImageByUrl.swift */,
			);
			path = Utils;
			sourceTree = "<group>";
		};
		916862EA2896F5E900723F3F /* Service */ = {
			isa = PBXGroup;
			children = (
				916862EC2896F60200723F3F /* NetworkManager.swift */,
				91DBE07D28E054A1004F6437 /* FoodImage.swift */,
			);
			path = Service;
			sourceTree = "<group>";
		};
		916862EB2896F5EF00723F3F /* Storage */ = {
			isa = PBXGroup;
			children = (
				916862EE2896F61800723F3F /* StorageManager.swift */,
			);
			path = Storage;
			sourceTree = "<group>";
		};
/* End PBXGroup section */

/* Begin PBXNativeTarget section */
		0A1882BE27F4A1D000FFA86D /* eat.before */ = {
			isa = PBXNativeTarget;
			buildConfigurationList = 0A1882EC27F4A1D500FFA86D /* Build configuration list for PBXNativeTarget "eat.before" */;
			buildPhases = (
				0A1882BB27F4A1D000FFA86D /* Sources */,
				0A1882BC27F4A1D000FFA86D /* Frameworks */,
				0A1882BD27F4A1D000FFA86D /* Resources */,
			);
			buildRules = (
			);
			dependencies = (
			);
			name = eat.before;
			productName = eat.before;
			productReference = 0A1882BF27F4A1D000FFA86D /* eat.before.app */;
			productType = "com.apple.product-type.application";
		};
		0A1882D727F4A1D500FFA86D /* eat.beforeTests */ = {
			isa = PBXNativeTarget;
			buildConfigurationList = 0A1882EF27F4A1D500FFA86D /* Build configuration list for PBXNativeTarget "eat.beforeTests" */;
			buildPhases = (
				0A1882D427F4A1D500FFA86D /* Sources */,
				0A1882D527F4A1D500FFA86D /* Frameworks */,
				0A1882D627F4A1D500FFA86D /* Resources */,
			);
			buildRules = (
			);
			dependencies = (
				0A1882DA27F4A1D500FFA86D /* PBXTargetDependency */,
			);
			name = eat.beforeTests;
			productName = eat.beforeTests;
			productReference = 0A1882D827F4A1D500FFA86D /* eat.beforeTests.xctest */;
			productType = "com.apple.product-type.bundle.unit-test";
		};
		0A1882E127F4A1D500FFA86D /* eat.beforeUITests */ = {
			isa = PBXNativeTarget;
			buildConfigurationList = 0A1882F227F4A1D500FFA86D /* Build configuration list for PBXNativeTarget "eat.beforeUITests" */;
			buildPhases = (
				0A1882DE27F4A1D500FFA86D /* Sources */,
				0A1882DF27F4A1D500FFA86D /* Frameworks */,
				0A1882E027F4A1D500FFA86D /* Resources */,
			);
			buildRules = (
			);
			dependencies = (
				0A1882E427F4A1D500FFA86D /* PBXTargetDependency */,
			);
			name = eat.beforeUITests;
			productName = eat.beforeUITests;
			productReference = 0A1882E227F4A1D500FFA86D /* eat.beforeUITests.xctest */;
			productType = "com.apple.product-type.bundle.ui-testing";
		};
/* End PBXNativeTarget section */

/* Begin PBXProject section */
		0A1882B727F4A1D000FFA86D /* Project object */ = {
			isa = PBXProject;
			attributes = {
				BuildIndependentTargetsInParallel = 1;
				LastSwiftUpdateCheck = 1320;
				LastUpgradeCheck = 1320;
				TargetAttributes = {
					0A1882BE27F4A1D000FFA86D = {
						CreatedOnToolsVersion = 13.2.1;
					};
					0A1882D727F4A1D500FFA86D = {
						CreatedOnToolsVersion = 13.2.1;
						TestTargetID = 0A1882BE27F4A1D000FFA86D;
					};
					0A1882E127F4A1D500FFA86D = {
						CreatedOnToolsVersion = 13.2.1;
						TestTargetID = 0A1882BE27F4A1D000FFA86D;
					};
				};
			};
			buildConfigurationList = 0A1882BA27F4A1D000FFA86D /* Build configuration list for PBXProject "eat.before" */;
			compatibilityVersion = "Xcode 13.0";
			developmentRegion = en;
			hasScannedForEncodings = 0;
			knownRegions = (
				en,
				Base,
			);
			mainGroup = 0A1882B627F4A1D000FFA86D;
			productRefGroup = 0A1882C027F4A1D000FFA86D /* Products */;
			projectDirPath = "";
			projectRoot = "";
			targets = (
				0A1882BE27F4A1D000FFA86D /* eat.before */,
				0A1882D727F4A1D500FFA86D /* eat.beforeTests */,
				0A1882E127F4A1D500FFA86D /* eat.beforeUITests */,
			);
		};
/* End PBXProject section */

/* Begin PBXResourcesBuildPhase section */
		0A1882BD27F4A1D000FFA86D /* Resources */ = {
			isa = PBXResourcesBuildPhase;
			buildActionMask = 2147483647;
			files = (
				0A1882D227F4A1D400FFA86D /* LaunchScreen.storyboard in Resources */,
				0A1882F827F4A2BD00FFA86D /* FoodList.storyboard in Resources */,
				0A1882CF27F4A1D400FFA86D /* Assets.xcassets in Resources */,
				0A1882CA27F4A1D000FFA86D /* Home.storyboard in Resources */,
			);
			runOnlyForDeploymentPostprocessing = 0;
		};
		0A1882D627F4A1D500FFA86D /* Resources */ = {
			isa = PBXResourcesBuildPhase;
			buildActionMask = 2147483647;
			files = (
			);
			runOnlyForDeploymentPostprocessing = 0;
		};
		0A1882E027F4A1D500FFA86D /* Resources */ = {
			isa = PBXResourcesBuildPhase;
			buildActionMask = 2147483647;
			files = (
			);
			runOnlyForDeploymentPostprocessing = 0;
		};
/* End PBXResourcesBuildPhase section */

/* Begin PBXSourcesBuildPhase section */
		0A1882BB27F4A1D000FFA86D /* Sources */ = {
			isa = PBXSourcesBuildPhase;
			buildActionMask = 2147483647;
			files = (
				0A61035B2869F19400810465 /* CustomTableViewCell.swift in Sources */,
				0A1882C727F4A1D000FFA86D /* HomeVC.swift in Sources */,
				9198438E27FCAD0600F45537 /* FoodListViewModel.swift in Sources */,
				91DBE08028E05754004F6437 /* UIImage+getImageByUrl.swift in Sources */,
				916862EF2896F61800723F3F /* StorageManager.swift in Sources */,
				0A1882C327F4A1D000FFA86D /* AppDelegate.swift in Sources */,
				916862ED2896F60200723F3F /* NetworkManager.swift in Sources */,
				91DBE07E28E054A1004F6437 /* FoodImage.swift in Sources */,
				0A1882FC27F4A2F800FFA86D /* FoodListVC.swift in Sources */,
				0A286DBF28785AD100B39B87 /* SpoiledFoodTableViewCell.swift in Sources */,
				0A9B70DE28009219001649F9 /* Date+format.swift in Sources */,
				0A1882C527F4A1D000FFA86D /* SceneDelegate.swift in Sources */,
				916862F12896F6CF00723F3F /* URLSession+dataTask.swift in Sources */,
				916862E92896F30500723F3F /* FoodDataModel.xcdatamodeld in Sources */,
			);
			runOnlyForDeploymentPostprocessing = 0;
		};
		0A1882D427F4A1D500FFA86D /* Sources */ = {
			isa = PBXSourcesBuildPhase;
			buildActionMask = 2147483647;
			files = (
			);
			runOnlyForDeploymentPostprocessing = 0;
		};
		0A1882DE27F4A1D500FFA86D /* Sources */ = {
			isa = PBXSourcesBuildPhase;
			buildActionMask = 2147483647;
			files = (
			);
			runOnlyForDeploymentPostprocessing = 0;
		};
/* End PBXSourcesBuildPhase section */

/* Begin PBXTargetDependency section */
		0A1882DA27F4A1D500FFA86D /* PBXTargetDependency */ = {
			isa = PBXTargetDependency;
			target = 0A1882BE27F4A1D000FFA86D /* eat.before */;
			targetProxy = 0A1882D927F4A1D500FFA86D /* PBXContainerItemProxy */;
		};
		0A1882E427F4A1D500FFA86D /* PBXTargetDependency */ = {
			isa = PBXTargetDependency;
			target = 0A1882BE27F4A1D000FFA86D /* eat.before */;
			targetProxy = 0A1882E327F4A1D500FFA86D /* PBXContainerItemProxy */;
		};
/* End PBXTargetDependency section */

/* Begin PBXVariantGroup section */
		0A1882C827F4A1D000FFA86D /* Home.storyboard */ = {
			isa = PBXVariantGroup;
			children = (
				0A1882C927F4A1D000FFA86D /* Base */,
			);
			name = Home.storyboard;
			sourceTree = "<group>";
		};
		0A1882D027F4A1D400FFA86D /* LaunchScreen.storyboard */ = {
			isa = PBXVariantGroup;
			children = (
				0A1882D127F4A1D400FFA86D /* Base */,
			);
			name = LaunchScreen.storyboard;
			sourceTree = "<group>";
		};
/* End PBXVariantGroup section */

/* Begin XCBuildConfiguration section */
		0A1882EA27F4A1D500FFA86D /* Debug */ = {
			isa = XCBuildConfiguration;
			buildSettings = {
				ALWAYS_SEARCH_USER_PATHS = NO;
				CLANG_ANALYZER_NONNULL = YES;
				CLANG_ANALYZER_NUMBER_OBJECT_CONVERSION = YES_AGGRESSIVE;
				CLANG_CXX_LANGUAGE_STANDARD = "gnu++17";
				CLANG_CXX_LIBRARY = "libc++";
				CLANG_ENABLE_MODULES = YES;
				CLANG_ENABLE_OBJC_ARC = YES;
				CLANG_ENABLE_OBJC_WEAK = YES;
				CLANG_WARN_BLOCK_CAPTURE_AUTORELEASING = YES;
				CLANG_WARN_BOOL_CONVERSION = YES;
				CLANG_WARN_COMMA = YES;
				CLANG_WARN_CONSTANT_CONVERSION = YES;
				CLANG_WARN_DEPRECATED_OBJC_IMPLEMENTATIONS = YES;
				CLANG_WARN_DIRECT_OBJC_ISA_USAGE = YES_ERROR;
				CLANG_WARN_DOCUMENTATION_COMMENTS = YES;
				CLANG_WARN_EMPTY_BODY = YES;
				CLANG_WARN_ENUM_CONVERSION = YES;
				CLANG_WARN_INFINITE_RECURSION = YES;
				CLANG_WARN_INT_CONVERSION = YES;
				CLANG_WARN_NON_LITERAL_NULL_CONVERSION = YES;
				CLANG_WARN_OBJC_IMPLICIT_RETAIN_SELF = YES;
				CLANG_WARN_OBJC_LITERAL_CONVERSION = YES;
				CLANG_WARN_OBJC_ROOT_CLASS = YES_ERROR;
				CLANG_WARN_QUOTED_INCLUDE_IN_FRAMEWORK_HEADER = YES;
				CLANG_WARN_RANGE_LOOP_ANALYSIS = YES;
				CLANG_WARN_STRICT_PROTOTYPES = YES;
				CLANG_WARN_SUSPICIOUS_MOVE = YES;
				CLANG_WARN_UNGUARDED_AVAILABILITY = YES_AGGRESSIVE;
				CLANG_WARN_UNREACHABLE_CODE = YES;
				CLANG_WARN__DUPLICATE_METHOD_MATCH = YES;
				COPY_PHASE_STRIP = NO;
				DEBUG_INFORMATION_FORMAT = dwarf;
				ENABLE_STRICT_OBJC_MSGSEND = YES;
				ENABLE_TESTABILITY = YES;
				GCC_C_LANGUAGE_STANDARD = gnu11;
				GCC_DYNAMIC_NO_PIC = NO;
				GCC_NO_COMMON_BLOCKS = YES;
				GCC_OPTIMIZATION_LEVEL = 0;
				GCC_PREPROCESSOR_DEFINITIONS = (
					"DEBUG=1",
					"$(inherited)",
				);
				GCC_WARN_64_TO_32_BIT_CONVERSION = YES;
				GCC_WARN_ABOUT_RETURN_TYPE = YES_ERROR;
				GCC_WARN_UNDECLARED_SELECTOR = YES;
				GCC_WARN_UNINITIALIZED_AUTOS = YES_AGGRESSIVE;
				GCC_WARN_UNUSED_FUNCTION = YES;
				GCC_WARN_UNUSED_VARIABLE = YES;
				IPHONEOS_DEPLOYMENT_TARGET = 15.2;
				MTL_ENABLE_DEBUG_INFO = INCLUDE_SOURCE;
				MTL_FAST_MATH = YES;
				ONLY_ACTIVE_ARCH = YES;
				SDKROOT = iphoneos;
				SWIFT_ACTIVE_COMPILATION_CONDITIONS = DEBUG;
				SWIFT_OPTIMIZATION_LEVEL = "-Onone";
			};
			name = Debug;
		};
		0A1882EB27F4A1D500FFA86D /* Release */ = {
			isa = XCBuildConfiguration;
			buildSettings = {
				ALWAYS_SEARCH_USER_PATHS = NO;
				CLANG_ANALYZER_NONNULL = YES;
				CLANG_ANALYZER_NUMBER_OBJECT_CONVERSION = YES_AGGRESSIVE;
				CLANG_CXX_LANGUAGE_STANDARD = "gnu++17";
				CLANG_CXX_LIBRARY = "libc++";
				CLANG_ENABLE_MODULES = YES;
				CLANG_ENABLE_OBJC_ARC = YES;
				CLANG_ENABLE_OBJC_WEAK = YES;
				CLANG_WARN_BLOCK_CAPTURE_AUTORELEASING = YES;
				CLANG_WARN_BOOL_CONVERSION = YES;
				CLANG_WARN_COMMA = YES;
				CLANG_WARN_CONSTANT_CONVERSION = YES;
				CLANG_WARN_DEPRECATED_OBJC_IMPLEMENTATIONS = YES;
				CLANG_WARN_DIRECT_OBJC_ISA_USAGE = YES_ERROR;
				CLANG_WARN_DOCUMENTATION_COMMENTS = YES;
				CLANG_WARN_EMPTY_BODY = YES;
				CLANG_WARN_ENUM_CONVERSION = YES;
				CLANG_WARN_INFINITE_RECURSION = YES;
				CLANG_WARN_INT_CONVERSION = YES;
				CLANG_WARN_NON_LITERAL_NULL_CONVERSION = YES;
				CLANG_WARN_OBJC_IMPLICIT_RETAIN_SELF = YES;
				CLANG_WARN_OBJC_LITERAL_CONVERSION = YES;
				CLANG_WARN_OBJC_ROOT_CLASS = YES_ERROR;
				CLANG_WARN_QUOTED_INCLUDE_IN_FRAMEWORK_HEADER = YES;
				CLANG_WARN_RANGE_LOOP_ANALYSIS = YES;
				CLANG_WARN_STRICT_PROTOTYPES = YES;
				CLANG_WARN_SUSPICIOUS_MOVE = YES;
				CLANG_WARN_UNGUARDED_AVAILABILITY = YES_AGGRESSIVE;
				CLANG_WARN_UNREACHABLE_CODE = YES;
				CLANG_WARN__DUPLICATE_METHOD_MATCH = YES;
				COPY_PHASE_STRIP = NO;
				DEBUG_INFORMATION_FORMAT = "dwarf-with-dsym";
				ENABLE_NS_ASSERTIONS = NO;
				ENABLE_STRICT_OBJC_MSGSEND = YES;
				GCC_C_LANGUAGE_STANDARD = gnu11;
				GCC_NO_COMMON_BLOCKS = YES;
				GCC_WARN_64_TO_32_BIT_CONVERSION = YES;
				GCC_WARN_ABOUT_RETURN_TYPE = YES_ERROR;
				GCC_WARN_UNDECLARED_SELECTOR = YES;
				GCC_WARN_UNINITIALIZED_AUTOS = YES_AGGRESSIVE;
				GCC_WARN_UNUSED_FUNCTION = YES;
				GCC_WARN_UNUSED_VARIABLE = YES;
				IPHONEOS_DEPLOYMENT_TARGET = 15.2;
				MTL_ENABLE_DEBUG_INFO = NO;
				MTL_FAST_MATH = YES;
				SDKROOT = iphoneos;
				SWIFT_COMPILATION_MODE = wholemodule;
				SWIFT_OPTIMIZATION_LEVEL = "-O";
				VALIDATE_PRODUCT = YES;
			};
			name = Release;
		};
		0A1882ED27F4A1D500FFA86D /* Debug */ = {
			isa = XCBuildConfiguration;
			buildSettings = {
				ASSETCATALOG_COMPILER_APPICON_NAME = AppIcon;
				ASSETCATALOG_COMPILER_GLOBAL_ACCENT_COLOR_NAME = AccentColor;
				CODE_SIGN_STYLE = Automatic;
				CURRENT_PROJECT_VERSION = 1;
				DEVELOPMENT_TEAM = 3Q8SG8X7L7;
				GENERATE_INFOPLIST_FILE = YES;
				INFOPLIST_FILE = eat.before/Info.plist;
				INFOPLIST_KEY_UIApplicationSupportsIndirectInputEvents = YES;
				INFOPLIST_KEY_UILaunchStoryboardName = LaunchScreen;
				INFOPLIST_KEY_UIMainStoryboardFile = FoodList;
				INFOPLIST_KEY_UISupportedInterfaceOrientations = UIInterfaceOrientationPortrait;
				INFOPLIST_KEY_UISupportedInterfaceOrientations_iPad = "UIInterfaceOrientationPortrait UIInterfaceOrientationPortraitUpsideDown UIInterfaceOrientationLandscapeLeft UIInterfaceOrientationLandscapeRight";
				INFOPLIST_KEY_UISupportedInterfaceOrientations_iPhone = "UIInterfaceOrientationPortrait UIInterfaceOrientationLandscapeLeft UIInterfaceOrientationLandscapeRight";
				IPHONEOS_DEPLOYMENT_TARGET = 14.7;
				LD_RUNPATH_SEARCH_PATHS = (
					"$(inherited)",
					"@executable_path/Frameworks",
				);
				MARKETING_VERSION = 1.0;
				PRODUCT_BUNDLE_IDENTIFIER = "com.dariatimofeeva.eat-before";
				PRODUCT_NAME = "$(TARGET_NAME)";
				SWIFT_EMIT_LOC_STRINGS = YES;
				SWIFT_VERSION = 5.0;
				TARGETED_DEVICE_FAMILY = 1;
			};
			name = Debug;
		};
		0A1882EE27F4A1D500FFA86D /* Release */ = {
			isa = XCBuildConfiguration;
			buildSettings = {
				ASSETCATALOG_COMPILER_APPICON_NAME = AppIcon;
				ASSETCATALOG_COMPILER_GLOBAL_ACCENT_COLOR_NAME = AccentColor;
				CODE_SIGN_STYLE = Automatic;
				CURRENT_PROJECT_VERSION = 1;
				DEVELOPMENT_TEAM = 3Q8SG8X7L7;
				GENERATE_INFOPLIST_FILE = YES;
				INFOPLIST_FILE = eat.before/Info.plist;
				INFOPLIST_KEY_UIApplicationSupportsIndirectInputEvents = YES;
				INFOPLIST_KEY_UILaunchStoryboardName = LaunchScreen;
				INFOPLIST_KEY_UIMainStoryboardFile = FoodList;
				INFOPLIST_KEY_UISupportedInterfaceOrientations = UIInterfaceOrientationPortrait;
				INFOPLIST_KEY_UISupportedInterfaceOrientations_iPad = "UIInterfaceOrientationPortrait UIInterfaceOrientationPortraitUpsideDown UIInterfaceOrientationLandscapeLeft UIInterfaceOrientationLandscapeRight";
				INFOPLIST_KEY_UISupportedInterfaceOrientations_iPhone = "UIInterfaceOrientationPortrait UIInterfaceOrientationLandscapeLeft UIInterfaceOrientationLandscapeRight";
				IPHONEOS_DEPLOYMENT_TARGET = 14.7;
				LD_RUNPATH_SEARCH_PATHS = (
					"$(inherited)",
					"@executable_path/Frameworks",
				);
				MARKETING_VERSION = 1.0;
				PRODUCT_BUNDLE_IDENTIFIER = "com.dariatimofeeva.eat-before";
				PRODUCT_NAME = "$(TARGET_NAME)";
				SWIFT_EMIT_LOC_STRINGS = YES;
				SWIFT_VERSION = 5.0;
				TARGETED_DEVICE_FAMILY = 1;
			};
			name = Release;
		};
		0A1882F027F4A1D500FFA86D /* Debug */ = {
			isa = XCBuildConfiguration;
			buildSettings = {
				ALWAYS_EMBED_SWIFT_STANDARD_LIBRARIES = YES;
				BUNDLE_LOADER = "$(TEST_HOST)";
				CODE_SIGN_STYLE = Automatic;
				CURRENT_PROJECT_VERSION = 1;
				DEVELOPMENT_TEAM = 3Q8SG8X7L7;
				GENERATE_INFOPLIST_FILE = YES;
				IPHONEOS_DEPLOYMENT_TARGET = 15.2;
				MARKETING_VERSION = 1.0;
				PRODUCT_BUNDLE_IDENTIFIER = "com.dariatimofeeva.eat-beforeTests";
				PRODUCT_NAME = "$(TARGET_NAME)";
				SWIFT_EMIT_LOC_STRINGS = NO;
				SWIFT_VERSION = 5.0;
				TARGETED_DEVICE_FAMILY = "1,2";
				TEST_HOST = "$(BUILT_PRODUCTS_DIR)/eat.before.app/eat.before";
			};
			name = Debug;
		};
		0A1882F127F4A1D500FFA86D /* Release */ = {
			isa = XCBuildConfiguration;
			buildSettings = {
				ALWAYS_EMBED_SWIFT_STANDARD_LIBRARIES = YES;
				BUNDLE_LOADER = "$(TEST_HOST)";
				CODE_SIGN_STYLE = Automatic;
				CURRENT_PROJECT_VERSION = 1;
				DEVELOPMENT_TEAM = 3Q8SG8X7L7;
				GENERATE_INFOPLIST_FILE = YES;
				IPHONEOS_DEPLOYMENT_TARGET = 15.2;
				MARKETING_VERSION = 1.0;
				PRODUCT_BUNDLE_IDENTIFIER = "com.dariatimofeeva.eat-beforeTests";
				PRODUCT_NAME = "$(TARGET_NAME)";
				SWIFT_EMIT_LOC_STRINGS = NO;
				SWIFT_VERSION = 5.0;
				TARGETED_DEVICE_FAMILY = "1,2";
				TEST_HOST = "$(BUILT_PRODUCTS_DIR)/eat.before.app/eat.before";
			};
			name = Release;
		};
		0A1882F327F4A1D500FFA86D /* Debug */ = {
			isa = XCBuildConfiguration;
			buildSettings = {
				ALWAYS_EMBED_SWIFT_STANDARD_LIBRARIES = YES;
				CODE_SIGN_STYLE = Automatic;
				CURRENT_PROJECT_VERSION = 1;
				DEVELOPMENT_TEAM = 3Q8SG8X7L7;
				GENERATE_INFOPLIST_FILE = YES;
				MARKETING_VERSION = 1.0;
				PRODUCT_BUNDLE_IDENTIFIER = "com.dariatimofeeva.eat-beforeUITests";
				PRODUCT_NAME = "$(TARGET_NAME)";
				SWIFT_EMIT_LOC_STRINGS = NO;
				SWIFT_VERSION = 5.0;
				TARGETED_DEVICE_FAMILY = "1,2";
				TEST_TARGET_NAME = eat.before;
			};
			name = Debug;
		};
		0A1882F427F4A1D500FFA86D /* Release */ = {
			isa = XCBuildConfiguration;
			buildSettings = {
				ALWAYS_EMBED_SWIFT_STANDARD_LIBRARIES = YES;
				CODE_SIGN_STYLE = Automatic;
				CURRENT_PROJECT_VERSION = 1;
				DEVELOPMENT_TEAM = 3Q8SG8X7L7;
				GENERATE_INFOPLIST_FILE = YES;
				MARKETING_VERSION = 1.0;
				PRODUCT_BUNDLE_IDENTIFIER = "com.dariatimofeeva.eat-beforeUITests";
				PRODUCT_NAME = "$(TARGET_NAME)";
				SWIFT_EMIT_LOC_STRINGS = NO;
				SWIFT_VERSION = 5.0;
				TARGETED_DEVICE_FAMILY = "1,2";
				TEST_TARGET_NAME = eat.before;
			};
			name = Release;
		};
/* End XCBuildConfiguration section */

/* Begin XCConfigurationList section */
		0A1882BA27F4A1D000FFA86D /* Build configuration list for PBXProject "eat.before" */ = {
			isa = XCConfigurationList;
			buildConfigurations = (
				0A1882EA27F4A1D500FFA86D /* Debug */,
				0A1882EB27F4A1D500FFA86D /* Release */,
			);
			defaultConfigurationIsVisible = 0;
			defaultConfigurationName = Release;
		};
		0A1882EC27F4A1D500FFA86D /* Build configuration list for PBXNativeTarget "eat.before" */ = {
			isa = XCConfigurationList;
			buildConfigurations = (
				0A1882ED27F4A1D500FFA86D /* Debug */,
				0A1882EE27F4A1D500FFA86D /* Release */,
			);
			defaultConfigurationIsVisible = 0;
			defaultConfigurationName = Release;
		};
		0A1882EF27F4A1D500FFA86D /* Build configuration list for PBXNativeTarget "eat.beforeTests" */ = {
			isa = XCConfigurationList;
			buildConfigurations = (
				0A1882F027F4A1D500FFA86D /* Debug */,
				0A1882F127F4A1D500FFA86D /* Release */,
			);
			defaultConfigurationIsVisible = 0;
			defaultConfigurationName = Release;
		};
		0A1882F227F4A1D500FFA86D /* Build configuration list for PBXNativeTarget "eat.beforeUITests" */ = {
			isa = XCConfigurationList;
			buildConfigurations = (
				0A1882F327F4A1D500FFA86D /* Debug */,
				0A1882F427F4A1D500FFA86D /* Release */,
			);
			defaultConfigurationIsVisible = 0;
			defaultConfigurationName = Release;
		};
/* End XCConfigurationList section */

/* Begin XCVersionGroup section */
		916862E72896F30500723F3F /* FoodDataModel.xcdatamodeld */ = {
			isa = XCVersionGroup;
			children = (
				916862E82896F30500723F3F /* FoodDataModel.xcdatamodel */,
			);
			currentVersion = 916862E82896F30500723F3F /* FoodDataModel.xcdatamodel */;
			path = FoodDataModel.xcdatamodeld;
			sourceTree = "<group>";
			versionGroupType = wrapper.xcdatamodel;
		};
/* End XCVersionGroup section */
	};
	rootObject = 0A1882B727F4A1D000FFA86D /* Project object */;
}
